
Microsoft Visual Studio Solution File, Format Version 12.00
# Visual Studio Version 17
VisualStudioVersion = 17.2.32602.215
MinimumVisualStudioVersion = 10.0.40219.1
Project("{FAE04EC0-301F-11D3-BF4B-00C04F79EFBC}") = "GDDonduren", "GDDonduren\GDDonduren.csproj", "{A18BDB76-4381-4DE6-A29B-D51DEFB25510}"
EndProject
Global
	GlobalSection(SolutionConfigurationPlatforms) = preSolution
		Debug|Any CPU = Debug|Any CPU
		Release|Any CPU = Release|Any CPU
	EndGlobalSection
	GlobalSection(ProjectConfigurationPlatforms) = postSolution
		{A18BDB76-4381-4DE6-A29B-D51DEFB25510}.Debug|Any CPU.ActiveCfg = Debug|Any CPU
		{A18BDB76-4381-4DE6-A29B-D51DEFB25510}.Debug|Any CPU.Build.0 = Debug|Any CPU
		{A18BDB76-4381-4DE6-A29B-D51DEFB25510}.Release|Any CPU.ActiveCfg = Release|Any CPU
		{A18BDB76-4381-4DE6-A29B-D51DEFB25510}.Release|Any CPU.Build.0 = Release|Any CPU
	EndGlobalSection
	GlobalSection(SolutionProperties) = preSolution
		HideSolutionNode = FALSE
	EndGlobalSection
	GlobalSection(ExtensibilityGlobals) = postSolution
		SolutionGuid = {E71985EF-AC18-492A-9235-CD8D9B5B0AEB}
	EndGlobalSection
EndGlobal
